// !$*UTF8*$!
{
	archiveVersion = 1;
	classes = {
	};
	objectVersion = 46;
	objects = {

/* Begin PBXFileReference section */
		46729F4A1EDFFD5A00AAE2FB /* SonyTVMote.h */ = {isa = PBXFileReference; lastKnownFileType = sourcecode.c.h; path = SonyTVMote.h; sourceTree = "<group>"; };
/* End PBXFileReference section */

/* Begin PBXGroup section */
		46729F431EDFED1200AAE2FB = {
			isa = PBXGroup;
			children = (
				46729F4A1EDFFD5A00AAE2FB /* SonyTVMote.h */,
			);
			sourceTree = "<group>";
		};
/* End PBXGroup section */

/* Begin PBXProject section */
		46729F441EDFED1200AAE2FB /* Project object */ = {
			isa = PBXProject;
			attributes = {
				LastUpgradeCheck = 0830;
			};
			buildConfigurationList = 46729F471EDFED1200AAE2FB /* Build configuration list for PBXProject "Arduino Libaries" */;
			compatibilityVersion = "Xcode 3.2";
			developmentRegion = English;
			hasScannedForEncodings = 0;
			knownRegions = (
				en,
			);
			mainGroup = 46729F431EDFED1200AAE2FB;
			projectDirPath = "";
			projectRoot = "";
			targets = (
			);
		};
/* End PBXProject section */

/* Begin XCBuildConfiguration section */
		46729F481EDFED1200AAE2FB /* Debug */ = {
			isa = XCBuildConfiguration;
			buildSettings = {
			};
			name = Debug;
		};
		46729F491EDFED1200AAE2FB /* Release */ = {
			isa = XCBuildConfiguration;
			buildSettings = {
			};
			name = Release;
		};
/* End XCBuildConfiguration section */

/* Begin XCConfigurationList section */
		46729F471EDFED1200AAE2FB /* Build configuration list for PBXProject "Arduino Libaries" */ = {
			isa = XCConfigurationList;
			buildConfigurations = (
				46729F481EDFED1200AAE2FB /* Debug */,
				46729F491EDFED1200AAE2FB /* Release */,
			);
			defaultConfigurationIsVisible = 0;
			defaultConfigurationName = Release;
		};
/* End XCConfigurationList section */
	};
	rootObject = 46729F441EDFED1200AAE2FB /* Project object */;
}
